
Microsoft Visual Studio Solution File, Format Version 11.00
# Visual Studio 2010
Project("{FAE04EC0-301F-11D3-BF4B-00C04F79EFBC}") = "LoL_Sandbox", "Assembly-CSharp.csproj", "{617667DB-3E0A-F618-A0CD-8B0F0A8A0BBD}"
EndProject
Project("{FAE04EC0-301F-11D3-BF4B-00C04F79EFBC}") = "LoL_Sandbox", "Assembly-CSharp-Editor.csproj", "{D608B132-D8FD-9DBB-F4F0-5BBA66BB7A7E}"
EndProject
Global
	GlobalSection(SolutionConfigurationPlatforms) = preSolution
		Debug|Any CPU = Debug|Any CPU
		Release|Any CPU = Release|Any CPU
	EndGlobalSection
	GlobalSection(ProjectConfigurationPlatforms) = postSolution
		{617667DB-3E0A-F618-A0CD-8B0F0A8A0BBD}.Debug|Any CPU.ActiveCfg = Debug|Any CPU
		{617667DB-3E0A-F618-A0CD-8B0F0A8A0BBD}.Debug|Any CPU.Build.0 = Debug|Any CPU
		{617667DB-3E0A-F618-A0CD-8B0F0A8A0BBD}.Release|Any CPU.ActiveCfg = Release|Any CPU
		{617667DB-3E0A-F618-A0CD-8B0F0A8A0BBD}.Release|Any CPU.Build.0 = Release|Any CPU
		{D608B132-D8FD-9DBB-F4F0-5BBA66BB7A7E}.Debug|Any CPU.ActiveCfg = Debug|Any CPU
		{D608B132-D8FD-9DBB-F4F0-5BBA66BB7A7E}.Debug|Any CPU.Build.0 = Debug|Any CPU
		{D608B132-D8FD-9DBB-F4F0-5BBA66BB7A7E}.Release|Any CPU.ActiveCfg = Release|Any CPU
		{D608B132-D8FD-9DBB-F4F0-5BBA66BB7A7E}.Release|Any CPU.Build.0 = Release|Any CPU
	EndGlobalSection
	GlobalSection(SolutionProperties) = preSolution
		HideSolutionNode = FALSE
	EndGlobalSection
	GlobalSection(MonoDevelopProperties) = preSolution
		StartupItem = Assembly-CSharp.csproj
	EndGlobalSection
EndGlobal
