
Microsoft Visual Studio Solution File, Format Version 12.00
# Visual Studio 2017
Project("{FAE04EC0-301F-11D3-BF4B-00C04F79EFBC}") = "LoL_Sandbox", "LoL_Sandbox.csproj", "{D87B3E5F-2CAB-39C8-EB07-12697982151B}"
EndProject
Project("{FAE04EC0-301F-11D3-BF4B-00C04F79EFBC}") = "LoL_Sandbox.Editor", "LoL_Sandbox.Editor.csproj", "{668C2BB8-90CA-B73B-12DC-D927FA50D3A0}"
EndProject
Global
	GlobalSection(SolutionConfigurationPlatforms) = preSolution
		Debug|Any CPU = Debug|Any CPU
		Release|Any CPU = Release|Any CPU
	EndGlobalSection
	GlobalSection(ProjectConfigurationPlatforms) = postSolution
		{D87B3E5F-2CAB-39C8-EB07-12697982151B}.Debug|Any CPU.ActiveCfg = Debug|Any CPU
		{D87B3E5F-2CAB-39C8-EB07-12697982151B}.Debug|Any CPU.Build.0 = Debug|Any CPU
		{D87B3E5F-2CAB-39C8-EB07-12697982151B}.Release|Any CPU.ActiveCfg = Release|Any CPU
		{D87B3E5F-2CAB-39C8-EB07-12697982151B}.Release|Any CPU.Build.0 = Release|Any CPU
		{668C2BB8-90CA-B73B-12DC-D927FA50D3A0}.Debug|Any CPU.ActiveCfg = Debug|Any CPU
		{668C2BB8-90CA-B73B-12DC-D927FA50D3A0}.Debug|Any CPU.Build.0 = Debug|Any CPU
		{668C2BB8-90CA-B73B-12DC-D927FA50D3A0}.Release|Any CPU.ActiveCfg = Release|Any CPU
		{668C2BB8-90CA-B73B-12DC-D927FA50D3A0}.Release|Any CPU.Build.0 = Release|Any CPU
	EndGlobalSection
	GlobalSection(SolutionProperties) = preSolution
		HideSolutionNode = FALSE
	EndGlobalSection
EndGlobal
